
Microsoft Visual Studio Solution File, Format Version 12.00
# Visual Studio Version 17
VisualStudioVersion = 17.3.32922.545
MinimumVisualStudioVersion = 10.0.40219.1
Project("{9A19103F-16F7-4668-BE54-9A1E7A4F7556}") = "inheritance", "inheritance\inheritance.csproj", "{F08AED6F-C70B-4814-A306-175C829A70B9}"
EndProject
Project("{FAE04EC0-301F-11D3-BF4B-00C04F79EFBC}") = "Anagram", "Anagram\Anagram.csproj", "{BE5F30C0-35FA-473C-9F6A-029D0C4A9B4E}"
EndProject
Project("{FAE04EC0-301F-11D3-BF4B-00C04F79EFBC}") = "reverseString", "reverseString\reverseString.csproj", "{47A4E2C4-BFF2-4656-B4D3-552F8A0FF0C0}"
EndProject
Global
	GlobalSection(SolutionConfigurationPlatforms) = preSolution
		Debug|Any CPU = Debug|Any CPU
		Release|Any CPU = Release|Any CPU
	EndGlobalSection
	GlobalSection(ProjectConfigurationPlatforms) = postSolution
		{F08AED6F-C70B-4814-A306-175C829A70B9}.Debug|Any CPU.ActiveCfg = Debug|Any CPU
		{F08AED6F-C70B-4814-A306-175C829A70B9}.Debug|Any CPU.Build.0 = Debug|Any CPU
		{F08AED6F-C70B-4814-A306-175C829A70B9}.Release|Any CPU.ActiveCfg = Release|Any CPU
		{F08AED6F-C70B-4814-A306-175C829A70B9}.Release|Any CPU.Build.0 = Release|Any CPU
		{BE5F30C0-35FA-473C-9F6A-029D0C4A9B4E}.Debug|Any CPU.ActiveCfg = Debug|Any CPU
		{BE5F30C0-35FA-473C-9F6A-029D0C4A9B4E}.Debug|Any CPU.Build.0 = Debug|Any CPU
		{BE5F30C0-35FA-473C-9F6A-029D0C4A9B4E}.Release|Any CPU.ActiveCfg = Release|Any CPU
		{BE5F30C0-35FA-473C-9F6A-029D0C4A9B4E}.Release|Any CPU.Build.0 = Release|Any CPU
		{47A4E2C4-BFF2-4656-B4D3-552F8A0FF0C0}.Debug|Any CPU.ActiveCfg = Debug|Any CPU
		{47A4E2C4-BFF2-4656-B4D3-552F8A0FF0C0}.Debug|Any CPU.Build.0 = Debug|Any CPU
		{47A4E2C4-BFF2-4656-B4D3-552F8A0FF0C0}.Release|Any CPU.ActiveCfg = Release|Any CPU
		{47A4E2C4-BFF2-4656-B4D3-552F8A0FF0C0}.Release|Any CPU.Build.0 = Release|Any CPU
	EndGlobalSection
	GlobalSection(SolutionProperties) = preSolution
		HideSolutionNode = FALSE
	EndGlobalSection
	GlobalSection(ExtensibilityGlobals) = postSolution
		SolutionGuid = {0D783221-E298-4450-9B25-8ACD4090757E}
	EndGlobalSection
EndGlobal
